
Microsoft Visual Studio Solution File, Format Version 10.00
# Visual Web Developer Express 2008
Project("{FAE04EC0-301F-11D3-BF4B-00C04F79EFBC}") = "LiveSearch_Parks", "LiveSearch_Parks\LiveSearch_Parks.csproj", "{B8B5ECD8-A735-4049-A982-1185EBA6108F}"
EndProject
Project("{FAE04EC0-301F-11D3-BF4B-00C04F79EFBC}") = "LiveSearch_Parks.Web", "LiveSearch_Parks.Web\LiveSearch_Parks.Web.csproj", "{ACDAF1BB-CC08-4A75-9D41-F24B4575F378}"
EndProject
Global
	GlobalSection(SolutionConfigurationPlatforms) = preSolution
		Debug|Any CPU = Debug|Any CPU
		Release|Any CPU = Release|Any CPU
	EndGlobalSection
	GlobalSection(ProjectConfigurationPlatforms) = postSolution
		{B8B5ECD8-A735-4049-A982-1185EBA6108F}.Debug|Any CPU.ActiveCfg = Debug|Any CPU
		{B8B5ECD8-A735-4049-A982-1185EBA6108F}.Debug|Any CPU.Build.0 = Debug|Any CPU
		{B8B5ECD8-A735-4049-A982-1185EBA6108F}.Release|Any CPU.ActiveCfg = Release|Any CPU
		{B8B5ECD8-A735-4049-A982-1185EBA6108F}.Release|Any CPU.Build.0 = Release|Any CPU
		{ACDAF1BB-CC08-4A75-9D41-F24B4575F378}.Debug|Any CPU.ActiveCfg = Debug|Any CPU
		{ACDAF1BB-CC08-4A75-9D41-F24B4575F378}.Debug|Any CPU.Build.0 = Debug|Any CPU
		{ACDAF1BB-CC08-4A75-9D41-F24B4575F378}.Release|Any CPU.ActiveCfg = Release|Any CPU
		{ACDAF1BB-CC08-4A75-9D41-F24B4575F378}.Release|Any CPU.Build.0 = Release|Any CPU
	EndGlobalSection
	GlobalSection(SolutionProperties) = preSolution
		HideSolutionNode = FALSE
	EndGlobalSection
EndGlobal
